
Microsoft Visual Studio Solution File, Format Version 12.00
# Visual Studio Version 17
VisualStudioVersion = 17.11.35312.102
MinimumVisualStudioVersion = 10.0.40219.1
Project("{FAE04EC0-301F-11D3-BF4B-00C04F79EFBC}") = "SzyfrCezara", "SzyfrCezara\SzyfrCezara.csproj", "{A09DA6CE-AB9D-4138-BF2F-CC4872CB7D76}"
EndProject
Global
	GlobalSection(SolutionConfigurationPlatforms) = preSolution
		Debug|Any CPU = Debug|Any CPU
		Release|Any CPU = Release|Any CPU
	EndGlobalSection
	GlobalSection(ProjectConfigurationPlatforms) = postSolution
		{A09DA6CE-AB9D-4138-BF2F-CC4872CB7D76}.Debug|Any CPU.ActiveCfg = Debug|Any CPU
		{A09DA6CE-AB9D-4138-BF2F-CC4872CB7D76}.Debug|Any CPU.Build.0 = Debug|Any CPU
		{A09DA6CE-AB9D-4138-BF2F-CC4872CB7D76}.Release|Any CPU.ActiveCfg = Release|Any CPU
		{A09DA6CE-AB9D-4138-BF2F-CC4872CB7D76}.Release|Any CPU.Build.0 = Release|Any CPU
	EndGlobalSection
	GlobalSection(SolutionProperties) = preSolution
		HideSolutionNode = FALSE
	EndGlobalSection
	GlobalSection(ExtensibilityGlobals) = postSolution
		SolutionGuid = {C6AC0C53-0195-4AB7-A8EA-AFA7E6760518}
	EndGlobalSection
EndGlobal
